
Microsoft Visual Studio Solution File, Format Version 12.00
# Visual Studio Version 16
VisualStudioVersion = 16.0.31729.503
MinimumVisualStudioVersion = 10.0.40219.1
Project("{FAE04EC0-301F-11D3-BF4B-00C04F79EFBC}") = "EFCaso2", "EFCaso2\EFCaso2.csproj", "{D057E054-87B5-437D-B2CE-3CC0CF37AFB2}"
EndProject
Global
	GlobalSection(SolutionConfigurationPlatforms) = preSolution
		Debug|Any CPU = Debug|Any CPU
		Release|Any CPU = Release|Any CPU
	EndGlobalSection
	GlobalSection(ProjectConfigurationPlatforms) = postSolution
		{D057E054-87B5-437D-B2CE-3CC0CF37AFB2}.Debug|Any CPU.ActiveCfg = Debug|Any CPU
		{D057E054-87B5-437D-B2CE-3CC0CF37AFB2}.Debug|Any CPU.Build.0 = Debug|Any CPU
		{D057E054-87B5-437D-B2CE-3CC0CF37AFB2}.Release|Any CPU.ActiveCfg = Release|Any CPU
		{D057E054-87B5-437D-B2CE-3CC0CF37AFB2}.Release|Any CPU.Build.0 = Release|Any CPU
	EndGlobalSection
	GlobalSection(SolutionProperties) = preSolution
		HideSolutionNode = FALSE
	EndGlobalSection
	GlobalSection(ExtensibilityGlobals) = postSolution
		SolutionGuid = {DB560AA6-C688-48DA-ADA3-DF49AF7DAEE6}
	EndGlobalSection
EndGlobal
